// !$*UTF8*$!
{
	archiveVersion = 1;
	classes = {
	};
	objectVersion = 50;
	objects = {

/* Begin PBXBuildFile section */
		9808B85E2474D6E600313BD8 /* InfoScene.sks in Resources */ = {isa = PBXBuildFile; fileRef = 9808B85D2474D6E600313BD8 /* InfoScene.sks */; };
		9808B8602474D73C00313BD8 /* InfoScene.swift in Sources */ = {isa = PBXBuildFile; fileRef = 9808B85F2474D73C00313BD8 /* InfoScene.swift */; };
		9808B8622475112200313BD8 /* Notes.rtf in Resources */ = {isa = PBXBuildFile; fileRef = 9808B8612475112200313BD8 /* Notes.rtf */; };
		980A100624715A00002C9702 /* ParticleRain.sks in Resources */ = {isa = PBXBuildFile; fileRef = 980A100424715A00002C9702 /* ParticleRain.sks */; };
		980A100924716234002C9702 /* ParticleSmoke.sks in Resources */ = {isa = PBXBuildFile; fileRef = 980A100824716234002C9702 /* ParticleSmoke.sks */; };
		980A100F24716766002C9702 /* ChiptuneFinal.m4a in Resources */ = {isa = PBXBuildFile; fileRef = 980A100E24716766002C9702 /* ChiptuneFinal.m4a */; };
		980A10112471E8DD002C9702 /* MenuScene.sks in Resources */ = {isa = PBXBuildFile; fileRef = 980A10102471E8DD002C9702 /* MenuScene.sks */; };
		980A10152471ED23002C9702 /* MenuScene.swift in Sources */ = {isa = PBXBuildFile; fileRef = 980A10142471ED23002C9702 /* MenuScene.swift */; };
		98D45E6F246AECDE003C5C22 /* AppDelegate.swift in Sources */ = {isa = PBXBuildFile; fileRef = 98D45E6E246AECDE003C5C22 /* AppDelegate.swift */; };
		98D45E71246AECDE003C5C22 /* GameScene.sks in Resources */ = {isa = PBXBuildFile; fileRef = 98D45E70246AECDE003C5C22 /* GameScene.sks */; };
		98D45E73246AECDE003C5C22 /* Actions.sks in Resources */ = {isa = PBXBuildFile; fileRef = 98D45E72246AECDE003C5C22 /* Actions.sks */; };
		98D45E75246AECDE003C5C22 /* GameScene.swift in Sources */ = {isa = PBXBuildFile; fileRef = 98D45E74246AECDE003C5C22 /* GameScene.swift */; };
		98D45E77246AECDE003C5C22 /* GameViewController.swift in Sources */ = {isa = PBXBuildFile; fileRef = 98D45E76246AECDE003C5C22 /* GameViewController.swift */; };
		98D45E7A246AECDE003C5C22 /* Main.storyboard in Resources */ = {isa = PBXBuildFile; fileRef = 98D45E78246AECDE003C5C22 /* Main.storyboard */; };
		98D45E7C246AECDF003C5C22 /* Assets.xcassets in Resources */ = {isa = PBXBuildFile; fileRef = 98D45E7B246AECDF003C5C22 /* Assets.xcassets */; };
		98D45E7F246AECDF003C5C22 /* LaunchScreen.storyboard in Resources */ = {isa = PBXBuildFile; fileRef = 98D45E7D246AECDF003C5C22 /* LaunchScreen.storyboard */; };
/* End PBXBuildFile section */

/* Begin PBXFileReference section */
		9808B85D2474D6E600313BD8 /* InfoScene.sks */ = {isa = PBXFileReference; lastKnownFileType = file.sks; path = InfoScene.sks; sourceTree = "<group>"; };
		9808B85F2474D73C00313BD8 /* InfoScene.swift */ = {isa = PBXFileReference; lastKnownFileType = sourcecode.swift; path = InfoScene.swift; sourceTree = "<group>"; };
		9808B8612475112200313BD8 /* Notes.rtf */ = {isa = PBXFileReference; lastKnownFileType = text.rtf; path = Notes.rtf; sourceTree = "<group>"; };
		980A100424715A00002C9702 /* ParticleRain.sks */ = {isa = PBXFileReference; lastKnownFileType = file.sks; path = ParticleRain.sks; sourceTree = "<group>"; };
		980A100824716234002C9702 /* ParticleSmoke.sks */ = {isa = PBXFileReference; lastKnownFileType = file.sks; path = ParticleSmoke.sks; sourceTree = "<group>"; };
		980A100E24716766002C9702 /* ChiptuneFinal.m4a */ = {isa = PBXFileReference; lastKnownFileType = file; path = ChiptuneFinal.m4a; sourceTree = "<group>"; };
		980A10102471E8DD002C9702 /* MenuScene.sks */ = {isa = PBXFileReference; lastKnownFileType = file.sks; path = MenuScene.sks; sourceTree = "<group>"; };
		980A10142471ED23002C9702 /* MenuScene.swift */ = {isa = PBXFileReference; lastKnownFileType = sourcecode.swift; path = MenuScene.swift; sourceTree = "<group>"; };
		98D45E6B246AECDE003C5C22 /* BubbleGame.app */ = {isa = PBXFileReference; explicitFileType = wrapper.application; includeInIndex = 0; path = BubbleGame.app; sourceTree = BUILT_PRODUCTS_DIR; };
		98D45E6E246AECDE003C5C22 /* AppDelegate.swift */ = {isa = PBXFileReference; lastKnownFileType = sourcecode.swift; path = AppDelegate.swift; sourceTree = "<group>"; };
		98D45E70246AECDE003C5C22 /* GameScene.sks */ = {isa = PBXFileReference; lastKnownFileType = file.sks; path = GameScene.sks; sourceTree = "<group>"; };
		98D45E72246AECDE003C5C22 /* Actions.sks */ = {isa = PBXFileReference; lastKnownFileType = file.sks; path = Actions.sks; sourceTree = "<group>"; };
		98D45E74246AECDE003C5C22 /* GameScene.swift */ = {isa = PBXFileReference; lastKnownFileType = sourcecode.swift; path = GameScene.swift; sourceTree = "<group>"; };
		98D45E76246AECDE003C5C22 /* GameViewController.swift */ = {isa = PBXFileReference; lastKnownFileType = sourcecode.swift; path = GameViewController.swift; sourceTree = "<group>"; };
		98D45E79246AECDE003C5C22 /* Base */ = {isa = PBXFileReference; lastKnownFileType = file.storyboard; name = Base; path = Base.lproj/Main.storyboard; sourceTree = "<group>"; };
		98D45E7B246AECDF003C5C22 /* Assets.xcassets */ = {isa = PBXFileReference; lastKnownFileType = folder.assetcatalog; path = Assets.xcassets; sourceTree = "<group>"; };
		98D45E7E246AECDF003C5C22 /* Base */ = {isa = PBXFileReference; lastKnownFileType = file.storyboard; name = Base; path = Base.lproj/LaunchScreen.storyboard; sourceTree = "<group>"; };
		98D45E80246AECDF003C5C22 /* Info.plist */ = {isa = PBXFileReference; lastKnownFileType = text.plist.xml; path = Info.plist; sourceTree = "<group>"; };
/* End PBXFileReference section */

/* Begin PBXFrameworksBuildPhase section */
		98D45E68246AECDE003C5C22 /* Frameworks */ = {
			isa = PBXFrameworksBuildPhase;
			buildActionMask = 2147483647;
			files = (
			);
			runOnlyForDeploymentPostprocessing = 0;
		};
/* End PBXFrameworksBuildPhase section */

/* Begin PBXGroup section */
		980A100C24716682002C9702 /* ParticleFile */ = {
			isa = PBXGroup;
			children = (
				980A100424715A00002C9702 /* ParticleRain.sks */,
				980A100824716234002C9702 /* ParticleSmoke.sks */,
			);
			path = ParticleFile;
			sourceTree = "<group>";
		};
		980A100D247166C1002C9702 /* Sound */ = {
			isa = PBXGroup;
			children = (
				980A100E24716766002C9702 /* ChiptuneFinal.m4a */,
			);
			path = Sound;
			sourceTree = "<group>";
		};
		980A10162471ED37002C9702 /* Scene */ = {
			isa = PBXGroup;
			children = (
				98D45E74246AECDE003C5C22 /* GameScene.swift */,
				980A10142471ED23002C9702 /* MenuScene.swift */,
				980A10102471E8DD002C9702 /* MenuScene.sks */,
				98D45E70246AECDE003C5C22 /* GameScene.sks */,
				9808B85D2474D6E600313BD8 /* InfoScene.sks */,
				9808B85F2474D73C00313BD8 /* InfoScene.swift */,
			);
			path = Scene;
			sourceTree = "<group>";
		};
		98D45E62246AECDE003C5C22 = {
			isa = PBXGroup;
			children = (
				98D45E6D246AECDE003C5C22 /* BubbleGame */,
				98D45E6C246AECDE003C5C22 /* Products */,
			);
			sourceTree = "<group>";
		};
		98D45E6C246AECDE003C5C22 /* Products */ = {
			isa = PBXGroup;
			children = (
				98D45E6B246AECDE003C5C22 /* BubbleGame.app */,
			);
			name = Products;
			sourceTree = "<group>";
		};
		98D45E6D246AECDE003C5C22 /* BubbleGame */ = {
			isa = PBXGroup;
			children = (
				980A10162471ED37002C9702 /* Scene */,
				980A100D247166C1002C9702 /* Sound */,
				980A100C24716682002C9702 /* ParticleFile */,
				98D45E6E246AECDE003C5C22 /* AppDelegate.swift */,
				98D45E72246AECDE003C5C22 /* Actions.sks */,
				98D45E76246AECDE003C5C22 /* GameViewController.swift */,
				98D45E78246AECDE003C5C22 /* Main.storyboard */,
				98D45E7B246AECDF003C5C22 /* Assets.xcassets */,
				98D45E7D246AECDF003C5C22 /* LaunchScreen.storyboard */,
				98D45E80246AECDF003C5C22 /* Info.plist */,
				9808B8612475112200313BD8 /* Notes.rtf */,
			);
			path = BubbleGame;
			sourceTree = "<group>";
		};
/* End PBXGroup section */

/* Begin PBXNativeTarget section */
		98D45E6A246AECDE003C5C22 /* BubbleGame */ = {
			isa = PBXNativeTarget;
			buildConfigurationList = 98D45E83246AECDF003C5C22 /* Build configuration list for PBXNativeTarget "BubbleGame" */;
			buildPhases = (
				98D45E67246AECDE003C5C22 /* Sources */,
				98D45E68246AECDE003C5C22 /* Frameworks */,
				98D45E69246AECDE003C5C22 /* Resources */,
			);
			buildRules = (
			);
			dependencies = (
			);
			name = BubbleGame;
			productName = BubbleGame;
			productReference = 98D45E6B246AECDE003C5C22 /* BubbleGame.app */;
			productType = "com.apple.product-type.application";
		};
/* End PBXNativeTarget section */

/* Begin PBXProject section */
		98D45E63246AECDE003C5C22 /* Project object */ = {
			isa = PBXProject;
			attributes = {
				LastSwiftUpdateCheck = 1130;
				LastUpgradeCheck = 1130;
				ORGANIZATIONNAME = "OSMAN ÇETİN";
				TargetAttributes = {
					98D45E6A246AECDE003C5C22 = {
						CreatedOnToolsVersion = 11.3.1;
					};
				};
			};
			buildConfigurationList = 98D45E66246AECDE003C5C22 /* Build configuration list for PBXProject "BubbleGame" */;
			compatibilityVersion = "Xcode 9.3";
			developmentRegion = en;
			hasScannedForEncodings = 0;
			knownRegions = (
				en,
				Base,
			);
			mainGroup = 98D45E62246AECDE003C5C22;
			productRefGroup = 98D45E6C246AECDE003C5C22 /* Products */;
			projectDirPath = "";
			projectRoot = "";
			targets = (
				98D45E6A246AECDE003C5C22 /* BubbleGame */,
			);
		};
/* End PBXProject section */

/* Begin PBXResourcesBuildPhase section */
		98D45E69246AECDE003C5C22 /* Resources */ = {
			isa = PBXResourcesBuildPhase;
			buildActionMask = 2147483647;
			files = (
				9808B8622475112200313BD8 /* Notes.rtf in Resources */,
				98D45E7A246AECDE003C5C22 /* Main.storyboard in Resources */,
				980A100F24716766002C9702 /* ChiptuneFinal.m4a in Resources */,
				9808B85E2474D6E600313BD8 /* InfoScene.sks in Resources */,
				98D45E71246AECDE003C5C22 /* GameScene.sks in Resources */,
				98D45E7C246AECDF003C5C22 /* Assets.xcassets in Resources */,
				980A100624715A00002C9702 /* ParticleRain.sks in Resources */,
				98D45E7F246AECDF003C5C22 /* LaunchScreen.storyboard in Resources */,
				98D45E73246AECDE003C5C22 /* Actions.sks in Resources */,
				980A10112471E8DD002C9702 /* MenuScene.sks in Resources */,
				980A100924716234002C9702 /* ParticleSmoke.sks in Resources */,
			);
			runOnlyForDeploymentPostprocessing = 0;
		};
/* End PBXResourcesBuildPhase section */

/* Begin PBXSourcesBuildPhase section */
		98D45E67246AECDE003C5C22 /* Sources */ = {
			isa = PBXSourcesBuildPhase;
			buildActionMask = 2147483647;
			files = (
				9808B8602474D73C00313BD8 /* InfoScene.swift in Sources */,
				98D45E75246AECDE003C5C22 /* GameScene.swift in Sources */,
				980A10152471ED23002C9702 /* MenuScene.swift in Sources */,
				98D45E77246AECDE003C5C22 /* GameViewController.swift in Sources */,
				98D45E6F246AECDE003C5C22 /* AppDelegate.swift in Sources */,
			);
			runOnlyForDeploymentPostprocessing = 0;
		};
/* End PBXSourcesBuildPhase section */

/* Begin PBXVariantGroup section */
		98D45E78246AECDE003C5C22 /* Main.storyboard */ = {
			isa = PBXVariantGroup;
			children = (
				98D45E79246AECDE003C5C22 /* Base */,
			);
			name = Main.storyboard;
			sourceTree = "<group>";
		};
		98D45E7D246AECDF003C5C22 /* LaunchScreen.storyboard */ = {
			isa = PBXVariantGroup;
			children = (
				98D45E7E246AECDF003C5C22 /* Base */,
			);
			name = LaunchScreen.storyboard;
			sourceTree = "<group>";
		};
/* End PBXVariantGroup section */

/* Begin XCBuildConfiguration section */
		98D45E81246AECDF003C5C22 /* Debug */ = {
			isa = XCBuildConfiguration;
			buildSettings = {
				ALWAYS_SEARCH_USER_PATHS = NO;
				CLANG_ANALYZER_NONNULL = YES;
				CLANG_ANALYZER_NUMBER_OBJECT_CONVERSION = YES_AGGRESSIVE;
				CLANG_CXX_LANGUAGE_STANDARD = "gnu++14";
				CLANG_CXX_LIBRARY = "libc++";
				CLANG_ENABLE_MODULES = YES;
				CLANG_ENABLE_OBJC_ARC = YES;
				CLANG_ENABLE_OBJC_WEAK = YES;
				CLANG_WARN_BLOCK_CAPTURE_AUTORELEASING = YES;
				CLANG_WARN_BOOL_CONVERSION = YES;
				CLANG_WARN_COMMA = YES;
				CLANG_WARN_CONSTANT_CONVERSION = YES;
				CLANG_WARN_DEPRECATED_OBJC_IMPLEMENTATIONS = YES;
				CLANG_WARN_DIRECT_OBJC_ISA_USAGE = YES_ERROR;
				CLANG_WARN_DOCUMENTATION_COMMENTS = YES;
				CLANG_WARN_EMPTY_BODY = YES;
				CLANG_WARN_ENUM_CONVERSION = YES;
				CLANG_WARN_INFINITE_RECURSION = YES;
				CLANG_WARN_INT_CONVERSION = YES;
				CLANG_WARN_NON_LITERAL_NULL_CONVERSION = YES;
				CLANG_WARN_OBJC_IMPLICIT_RETAIN_SELF = YES;
				CLANG_WARN_OBJC_LITERAL_CONVERSION = YES;
				CLANG_WARN_OBJC_ROOT_CLASS = YES_ERROR;
				CLANG_WARN_RANGE_LOOP_ANALYSIS = YES;
				CLANG_WARN_STRICT_PROTOTYPES = YES;
				CLANG_WARN_SUSPICIOUS_MOVE = YES;
				CLANG_WARN_UNGUARDED_AVAILABILITY = YES_AGGRESSIVE;
				CLANG_WARN_UNREACHABLE_CODE = YES;
				CLANG_WARN__DUPLICATE_METHOD_MATCH = YES;
				COPY_PHASE_STRIP = NO;
				DEBUG_INFORMATION_FORMAT = dwarf;
				ENABLE_STRICT_OBJC_MSGSEND = YES;
				ENABLE_TESTABILITY = YES;
				GCC_C_LANGUAGE_STANDARD = gnu11;
				GCC_DYNAMIC_NO_PIC = NO;
				GCC_NO_COMMON_BLOCKS = YES;
				GCC_OPTIMIZATION_LEVEL = 0;
				GCC_PREPROCESSOR_DEFINITIONS = (
					"DEBUG=1",
					"$(inherited)",
				);
				GCC_WARN_64_TO_32_BIT_CONVERSION = YES;
				GCC_WARN_ABOUT_RETURN_TYPE = YES_ERROR;
				GCC_WARN_UNDECLARED_SELECTOR = YES;
				GCC_WARN_UNINITIALIZED_AUTOS = YES_AGGRESSIVE;
				GCC_WARN_UNUSED_FUNCTION = YES;
				GCC_WARN_UNUSED_VARIABLE = YES;
				IPHONEOS_DEPLOYMENT_TARGET = 13.2;
				MTL_ENABLE_DEBUG_INFO = INCLUDE_SOURCE;
				MTL_FAST_MATH = YES;
				ONLY_ACTIVE_ARCH = YES;
				SDKROOT = iphoneos;
				SWIFT_ACTIVE_COMPILATION_CONDITIONS = DEBUG;
				SWIFT_OPTIMIZATION_LEVEL = "-Onone";
			};
			name = Debug;
		};
		98D45E82246AECDF003C5C22 /* Release */ = {
			isa = XCBuildConfiguration;
			buildSettings = {
				ALWAYS_SEARCH_USER_PATHS = NO;
				CLANG_ANALYZER_NONNULL = YES;
				CLANG_ANALYZER_NUMBER_OBJECT_CONVERSION = YES_AGGRESSIVE;
				CLANG_CXX_LANGUAGE_STANDARD = "gnu++14";
				CLANG_CXX_LIBRARY = "libc++";
				CLANG_ENABLE_MODULES = YES;
				CLANG_ENABLE_OBJC_ARC = YES;
				CLANG_ENABLE_OBJC_WEAK = YES;
				CLANG_WARN_BLOCK_CAPTURE_AUTORELEASING = YES;
				CLANG_WARN_BOOL_CONVERSION = YES;
				CLANG_WARN_COMMA = YES;
				CLANG_WARN_CONSTANT_CONVERSION = YES;
				CLANG_WARN_DEPRECATED_OBJC_IMPLEMENTATIONS = YES;
				CLANG_WARN_DIRECT_OBJC_ISA_USAGE = YES_ERROR;
				CLANG_WARN_DOCUMENTATION_COMMENTS = YES;
				CLANG_WARN_EMPTY_BODY = YES;
				CLANG_WARN_ENUM_CONVERSION = YES;
				CLANG_WARN_INFINITE_RECURSION = YES;
				CLANG_WARN_INT_CONVERSION = YES;
				CLANG_WARN_NON_LITERAL_NULL_CONVERSION = YES;
				CLANG_WARN_OBJC_IMPLICIT_RETAIN_SELF = YES;
				CLANG_WARN_OBJC_LITERAL_CONVERSION = YES;
				CLANG_WARN_OBJC_ROOT_CLASS = YES_ERROR;
				CLANG_WARN_RANGE_LOOP_ANALYSIS = YES;
				CLANG_WARN_STRICT_PROTOTYPES = YES;
				CLANG_WARN_SUSPICIOUS_MOVE = YES;
				CLANG_WARN_UNGUARDED_AVAILABILITY = YES_AGGRESSIVE;
				CLANG_WARN_UNREACHABLE_CODE = YES;
				CLANG_WARN__DUPLICATE_METHOD_MATCH = YES;
				COPY_PHASE_STRIP = NO;
				DEBUG_INFORMATION_FORMAT = "dwarf-with-dsym";
				ENABLE_NS_ASSERTIONS = NO;
				ENABLE_STRICT_OBJC_MSGSEND = YES;
				GCC_C_LANGUAGE_STANDARD = gnu11;
				GCC_NO_COMMON_BLOCKS = YES;
				GCC_WARN_64_TO_32_BIT_CONVERSION = YES;
				GCC_WARN_ABOUT_RETURN_TYPE = YES_ERROR;
				GCC_WARN_UNDECLARED_SELECTOR = YES;
				GCC_WARN_UNINITIALIZED_AUTOS = YES_AGGRESSIVE;
				GCC_WARN_UNUSED_FUNCTION = YES;
				GCC_WARN_UNUSED_VARIABLE = YES;
				IPHONEOS_DEPLOYMENT_TARGET = 13.2;
				MTL_ENABLE_DEBUG_INFO = NO;
				MTL_FAST_MATH = YES;
				SDKROOT = iphoneos;
				SWIFT_COMPILATION_MODE = wholemodule;
				SWIFT_OPTIMIZATION_LEVEL = "-O";
				VALIDATE_PRODUCT = YES;
			};
			name = Release;
		};
		98D45E84246AECDF003C5C22 /* Debug */ = {
			isa = XCBuildConfiguration;
			buildSettings = {
				ASSETCATALOG_COMPILER_APPICON_NAME = AppIcon;
				CODE_SIGN_STYLE = Automatic;
				DEVELOPMENT_TEAM = A66328S833;
				INFOPLIST_FILE = BubbleGame/Info.plist;
				LD_RUNPATH_SEARCH_PATHS = (
					"$(inherited)",
					"@executable_path/Frameworks",
				);
				PRODUCT_BUNDLE_IDENTIFIER = com.osmancetin.BubbleGame;
				PRODUCT_NAME = "$(TARGET_NAME)";
				SWIFT_VERSION = 5.0;
				TARGETED_DEVICE_FAMILY = "1,2";
			};
			name = Debug;
		};
		98D45E85246AECDF003C5C22 /* Release */ = {
			isa = XCBuildConfiguration;
			buildSettings = {
				ASSETCATALOG_COMPILER_APPICON_NAME = AppIcon;
				CODE_SIGN_STYLE = Automatic;
				DEVELOPMENT_TEAM = A66328S833;
				INFOPLIST_FILE = BubbleGame/Info.plist;
				LD_RUNPATH_SEARCH_PATHS = (
					"$(inherited)",
					"@executable_path/Frameworks",
				);
				PRODUCT_BUNDLE_IDENTIFIER = com.osmancetin.BubbleGame;
				PRODUCT_NAME = "$(TARGET_NAME)";
				SWIFT_VERSION = 5.0;
				TARGETED_DEVICE_FAMILY = "1,2";
			};
			name = Release;
		};
/* End XCBuildConfiguration section */

/* Begin XCConfigurationList section */
		98D45E66246AECDE003C5C22 /* Build configuration list for PBXProject "BubbleGame" */ = {
			isa = XCConfigurationList;
			buildConfigurations = (
				98D45E81246AECDF003C5C22 /* Debug */,
				98D45E82246AECDF003C5C22 /* Release */,
			);
			defaultConfigurationIsVisible = 0;
			defaultConfigurationName = Release;
		};
		98D45E83246AECDF003C5C22 /* Build configuration list for PBXNativeTarget "BubbleGame" */ = {
			isa = XCConfigurationList;
			buildConfigurations = (
				98D45E84246AECDF003C5C22 /* Debug */,
				98D45E85246AECDF003C5C22 /* Release */,
			);
			defaultConfigurationIsVisible = 0;
			defaultConfigurationName = Release;
		};
/* End XCConfigurationList section */
	};
	rootObject = 98D45E63246AECDE003C5C22 /* Project object */;
}
